<?xml version="1.0" encoding="UTF-8" standalone="yes" ?>
<CodeBlocks_project_file>
	<FileVersion major="1" minor="6" />
	<Project>
		<Option title="OpenPGP" />
		<Option pch_mode="2" />
		<Option compiler="gcc" />
		<Build>
			<Target title="Debug">
				<Option output="bin/Debug/OpenPGP" prefix_auto="1" extension_auto="1" />
				<Option object_output="obj/Debug/" />
				<Option type="1" />
				<Option compiler="gcc" />
				<Compiler>
					<Add option="-std=c++0x" />
					<Add option="-g" />
				</Compiler>
			</Target>
			<Target title="Release">
				<Option output="bin/Release/OpenPGP" prefix_auto="1" extension_auto="1" />
				<Option object_output="obj/Release/" />
				<Option type="1" />
				<Option compiler="gcc" />
				<Compiler>
					<Add option="-O2" />
				</Compiler>
				<Linker>
					<Add option="-s" />
				</Linker>
			</Target>
		</Build>
		<Compiler>
			<Add option="-Wall" />
		</Compiler>
		<Unit filename="../Compress/Compress.cpp" />
		<Unit filename="../Compress/Compress.h" />
		<Unit filename="../Compress/pgpbzip2.cpp" />
		<Unit filename="../Compress/pgpbzip2.h" />
		<Unit filename="../Compress/pgpzlib.cpp" />
		<Unit filename="../Compress/pgpzlib.h" />
		<Unit filename="../Encryptions/AES.cpp" />
		<Unit filename="../Encryptions/AES.h" />
		<Unit filename="../Encryptions/AES_Const.h" />
		<Unit filename="../Encryptions/Blowfish.cpp" />
		<Unit filename="../Encryptions/Blowfish.h" />
		<Unit filename="../Encryptions/Blowfish_Const.h" />
		<Unit filename="../Encryptions/CAST128.cpp" />
		<Unit filename="../Encryptions/CAST128.h" />
		<Unit filename="../Encryptions/CAST128_Const.h" />
		<Unit filename="../Encryptions/CAST_Const.h" />
		<Unit filename="../Encryptions/Camellia.cpp" />
		<Unit filename="../Encryptions/Camellia.h" />
		<Unit filename="../Encryptions/Camellia_Const.h" />
		<Unit filename="../Encryptions/DES.cpp" />
		<Unit filename="../Encryptions/DES.h" />
		<Unit filename="../Encryptions/DES_Const.h" />
		<Unit filename="../Encryptions/Encryptions.h" />
		<Unit filename="../Encryptions/IDEA.cpp" />
		<Unit filename="../Encryptions/IDEA.h" />
		<Unit filename="../Encryptions/SymAlg.cpp" />
		<Unit filename="../Encryptions/SymAlg.h" />
		<Unit filename="../Encryptions/TDES.cpp" />
		<Unit filename="../Encryptions/TDES.h" />
		<Unit filename="../Encryptions/Twofish.cpp" />
		<Unit filename="../Encryptions/Twofish.h" />
		<Unit filename="../Encryptions/Twofish_Const.h" />
		<Unit filename="../Hashes/Hash.cpp" />
		<Unit filename="../Hashes/Hash.h" />
		<Unit filename="../Hashes/Hashes.cpp" />
		<Unit filename="../Hashes/Hashes.h" />
		<Unit filename="../Hashes/MD5.cpp" />
		<Unit filename="../Hashes/MD5.h" />
		<Unit filename="../Hashes/MD5_Const.h" />
		<Unit filename="../Hashes/RIPEMD160.cpp" />
		<Unit filename="../Hashes/RIPEMD160.h" />
		<Unit filename="../Hashes/RIPEMD160_Const.h" />
		<Unit filename="../Hashes/RIPEMD_Const.h" />
		<Unit filename="../Hashes/SHA1.cpp" />
		<Unit filename="../Hashes/SHA1.h" />
		<Unit filename="../Hashes/SHA224.cpp" />
		<Unit filename="../Hashes/SHA224.h" />
		<Unit filename="../Hashes/SHA256.cpp" />
		<Unit filename="../Hashes/SHA256.h" />
		<Unit filename="../Hashes/SHA256_Const.h" />
		<Unit filename="../Hashes/SHA2_Functions.cpp" />
		<Unit filename="../Hashes/SHA2_Functions.h" />
		<Unit filename="../Hashes/SHA384.cpp" />
		<Unit filename="../Hashes/SHA384.h" />
		<Unit filename="../Hashes/SHA512.cpp" />
		<Unit filename="../Hashes/SHA512.h" />
		<Unit filename="../Hashes/SHA512_Const.h" />
		<Unit filename="../OpenPGP.h" />
		<Unit filename="../PGP.cpp" />
		<Unit filename="../PGP.h" />
		<Unit filename="../PGPCleartextSignature.cpp" />
		<Unit filename="../PGPCleartextSignature.h" />
		<Unit filename="../PGPDetachedSignature.cpp" />
		<Unit filename="../PGPDetachedSignature.h" />
		<Unit filename="../PGPKey.cpp" />
		<Unit filename="../PGPKey.h" />
		<Unit filename="../PGPMessage.cpp" />
		<Unit filename="../PGPMessage.h" />
		<Unit filename="../PKA/DSA.cpp" />
		<Unit filename="../PKA/DSA.h" />
		<Unit filename="../PKA/ElGamal.cpp" />
		<Unit filename="../PKA/ElGamal.h" />
		<Unit filename="../PKA/PKA.cpp" />
		<Unit filename="../PKA/PKA.h" />
		<Unit filename="../PKA/RSA.cpp" />
		<Unit filename="../PKA/RSA.h" />
		<Unit filename="../PKCS1.cpp" />
		<Unit filename="../PKCS1.h" />
		<Unit filename="../Packets/Partial.cpp" />
		<Unit filename="../Packets/Partial.h" />
		<Unit filename="../Packets/Tag0.cpp" />
		<Unit filename="../Packets/Tag0.h" />
		<Unit filename="../Packets/Tag1.cpp" />
		<Unit filename="../Packets/Tag1.h" />
		<Unit filename="../Packets/Tag10.cpp" />
		<Unit filename="../Packets/Tag10.h" />
		<Unit filename="../Packets/Tag11.cpp" />
		<Unit filename="../Packets/Tag11.h" />
		<Unit filename="../Packets/Tag12.cpp" />
		<Unit filename="../Packets/Tag12.h" />
		<Unit filename="../Packets/Tag13.cpp" />
		<Unit filename="../Packets/Tag13.h" />
		<Unit filename="../Packets/Tag14.cpp" />
		<Unit filename="../Packets/Tag14.h" />
		<Unit filename="../Packets/Tag17.cpp" />
		<Unit filename="../Packets/Tag17.h" />
		<Unit filename="../Packets/Tag18.cpp" />
		<Unit filename="../Packets/Tag18.h" />
		<Unit filename="../Packets/Tag19.cpp" />
		<Unit filename="../Packets/Tag19.h" />
		<Unit filename="../Packets/Tag2.cpp" />
		<Unit filename="../Packets/Tag2.h" />
		<Unit filename="../Packets/Tag3.cpp" />
		<Unit filename="../Packets/Tag3.h" />
		<Unit filename="../Packets/Tag4.cpp" />
		<Unit filename="../Packets/Tag4.h" />
		<Unit filename="../Packets/Tag5.cpp" />
		<Unit filename="../Packets/Tag5.h" />
		<Unit filename="../Packets/Tag6.cpp" />
		<Unit filename="../Packets/Tag6.h" />
		<Unit filename="../Packets/Tag60.cpp" />
		<Unit filename="../Packets/Tag60.h" />
		<Unit filename="../Packets/Tag61.cpp" />
		<Unit filename="../Packets/Tag61.h" />
		<Unit filename="../Packets/Tag62.cpp" />
		<Unit filename="../Packets/Tag62.h" />
		<Unit filename="../Packets/Tag63.cpp" />
		<Unit filename="../Packets/Tag63.h" />
		<Unit filename="../Packets/Tag7.cpp" />
		<Unit filename="../Packets/Tag7.h" />
		<Unit filename="../Packets/Tag8.cpp" />
		<Unit filename="../Packets/Tag8.h" />
		<Unit filename="../Packets/Tag9.cpp" />
		<Unit filename="../Packets/Tag9.h" />
		<Unit filename="../Packets/TagX.cpp" />
		<Unit filename="../Packets/TagX.h" />
		<Unit filename="../Packets/packet.cpp" />
		<Unit filename="../Packets/packet.h" />
		<Unit filename="../Packets/packets.cpp" />
		<Unit filename="../Packets/packets.h" />
		<Unit filename="../Packets/s2k.cpp" />
		<Unit filename="../Packets/s2k.h" />
		<Unit filename="../RNG/BBS.cpp" />
		<Unit filename="../RNG/BBS.h" />
		<Unit filename="../RNG/RNG.h" />
		<Unit filename="../Subpackets/Tag17Sub1.cpp" />
		<Unit filename="../Subpackets/Tag17Sub1.h" />
		<Unit filename="../Subpackets/Tag2Sub0.cpp" />
		<Unit filename="../Subpackets/Tag2Sub0.h" />
		<Unit filename="../Subpackets/Tag2Sub1.cpp" />
		<Unit filename="../Subpackets/Tag2Sub1.h" />
		<Unit filename="../Subpackets/Tag2Sub10.cpp" />
		<Unit filename="../Subpackets/Tag2Sub10.h" />
		<Unit filename="../Subpackets/Tag2Sub11.cpp" />
		<Unit filename="../Subpackets/Tag2Sub11.h" />
		<Unit filename="../Subpackets/Tag2Sub12.cpp" />
		<Unit filename="../Subpackets/Tag2Sub12.h" />
		<Unit filename="../Subpackets/Tag2Sub13.cpp" />
		<Unit filename="../Subpackets/Tag2Sub13.h" />
		<Unit filename="../Subpackets/Tag2Sub14.cpp" />
		<Unit filename="../Subpackets/Tag2Sub14.h" />
		<Unit filename="../Subpackets/Tag2Sub15.cpp" />
		<Unit filename="../Subpackets/Tag2Sub15.h" />
		<Unit filename="../Subpackets/Tag2Sub16.cpp" />
		<Unit filename="../Subpackets/Tag2Sub16.h" />
		<Unit filename="../Subpackets/Tag2Sub17.cpp" />
		<Unit filename="../Subpackets/Tag2Sub17.h" />
		<Unit filename="../Subpackets/Tag2Sub18.cpp" />
		<Unit filename="../Subpackets/Tag2Sub18.h" />
		<Unit filename="../Subpackets/Tag2Sub19.cpp" />
		<Unit filename="../Subpackets/Tag2Sub19.h" />
		<Unit filename="../Subpackets/Tag2Sub2.cpp" />
		<Unit filename="../Subpackets/Tag2Sub2.h" />
		<Unit filename="../Subpackets/Tag2Sub20.cpp" />
		<Unit filename="../Subpackets/Tag2Sub20.h" />
		<Unit filename="../Subpackets/Tag2Sub21.cpp" />
		<Unit filename="../Subpackets/Tag2Sub21.h" />
		<Unit filename="../Subpackets/Tag2Sub22.cpp" />
		<Unit filename="../Subpackets/Tag2Sub22.h" />
		<Unit filename="../Subpackets/Tag2Sub23.cpp" />
		<Unit filename="../Subpackets/Tag2Sub23.h" />
		<Unit filename="../Subpackets/Tag2Sub24.cpp" />
		<Unit filename="../Subpackets/Tag2Sub24.h" />
		<Unit filename="../Subpackets/Tag2Sub25.cpp" />
		<Unit filename="../Subpackets/Tag2Sub25.h" />
		<Unit filename="../Subpackets/Tag2Sub26.cpp" />
		<Unit filename="../Subpackets/Tag2Sub26.h" />
		<Unit filename="../Subpackets/Tag2Sub27.cpp" />
		<Unit filename="../Subpackets/Tag2Sub27.h" />
		<Unit filename="../Subpackets/Tag2Sub28.cpp" />
		<Unit filename="../Subpackets/Tag2Sub28.h" />
		<Unit filename="../Subpackets/Tag2Sub29.cpp" />
		<Unit filename="../Subpackets/Tag2Sub29.h" />
		<Unit filename="../Subpackets/Tag2Sub3.cpp" />
		<Unit filename="../Subpackets/Tag2Sub3.h" />
		<Unit filename="../Subpackets/Tag2Sub30.cpp" />
		<Unit filename="../Subpackets/Tag2Sub30.h" />
		<Unit filename="../Subpackets/Tag2Sub31.cpp" />
		<Unit filename="../Subpackets/Tag2Sub31.h" />
		<Unit filename="../Subpackets/Tag2Sub32.cpp" />
		<Unit filename="../Subpackets/Tag2Sub32.h" />
		<Unit filename="../Subpackets/Tag2Sub4.cpp" />
		<Unit filename="../Subpackets/Tag2Sub4.h" />
		<Unit filename="../Subpackets/Tag2Sub5.cpp" />
		<Unit filename="../Subpackets/Tag2Sub5.h" />
		<Unit filename="../Subpackets/Tag2Sub6.cpp" />
		<Unit filename="../Subpackets/Tag2Sub6.h" />
		<Unit filename="../Subpackets/Tag2Sub7.cpp" />
		<Unit filename="../Subpackets/Tag2Sub7.h" />
		<Unit filename="../Subpackets/Tag2Sub8.cpp" />
		<Unit filename="../Subpackets/Tag2Sub8.h" />
		<Unit filename="../Subpackets/Tag2Sub9.cpp" />
		<Unit filename="../Subpackets/Tag2Sub9.h" />
		<Unit filename="../Subpackets/subpacket.cpp" />
		<Unit filename="../Subpackets/subpacket.h" />
		<Unit filename="../Subpackets/subpackets.h" />
		<Unit filename="../cfb.cpp" />
		<Unit filename="../cfb.h" />
		<Unit filename="../common/cryptomath.h" />
		<Unit filename="../common/includes.cpp" />
		<Unit filename="../common/includes.h" />
		<Unit filename="../common/integer.cpp" />
		<Unit filename="../common/integer.h" />
		<Unit filename="../consts.h" />
		<Unit filename="../decrypt.cpp" />
		<Unit filename="../decrypt.h" />
		<Unit filename="../encrypt.cpp" />
		<Unit filename="../encrypt.h" />
		<Unit filename="../generatekey.cpp" />
		<Unit filename="../generatekey.h" />
		<Unit filename="../mpi.cpp" />
		<Unit filename="../mpi.h" />
		<Unit filename="../pgptime.cpp" />
		<Unit filename="../pgptime.h" />
		<Unit filename="../radix64.cpp" />
		<Unit filename="../radix64.h" />
		<Unit filename="../revoke.cpp" />
		<Unit filename="../revoke.h" />
		<Unit filename="../sigcalc.cpp" />
		<Unit filename="../sigcalc.h" />
		<Unit filename="../sign.cpp" />
		<Unit filename="../sign.h" />
		<Unit filename="../verify.cpp" />
		<Unit filename="../verify.h" />
		<Unit filename="main.cpp" />
		<Extensions>
			<code_completion />
			<envvars />
			<debugger />
		</Extensions>
	</Project>
</CodeBlocks_project_file>
